# This file is automatically @generated by Cargo.
# It is not intended for manual editing.
version = 4

[[package]]
name = "delta-model"
version = "0.1.0"

[[package]]
name = "delta-server"
version = "0.1.0"

[[package]]
name = "delta-sqlite"
version = "0.1.0"

[[package]]
name = "delta-transcript"
version = "0.1.0"

[[package]]
name = "delta-usecase"
version = "0.1.0"

[[package]]
name = "delta-wire"
version = "0.1.0"

[[package]]
name = "tmux-driver"
version = "0.1.0"
